
Microsoft Visual Studio Solution File, Format Version 12.00
# Visual Studio Version 16
VisualStudioVersion = 16.0.31105.61
MinimumVisualStudioVersion = 10.0.40219.1
Project("{FAE04EC0-301F-11D3-BF4B-00C04F79EFBC}") = "Project 1", "Project 1\Project 1.csproj", "{B7A65C58-AE84-414F-942F-B17BA799871D}"
EndProject
Global
	GlobalSection(SolutionConfigurationPlatforms) = preSolution
		Debug|Any CPU = Debug|Any CPU
		Release|Any CPU = Release|Any CPU
	EndGlobalSection
	GlobalSection(ProjectConfigurationPlatforms) = postSolution
		{B7A65C58-AE84-414F-942F-B17BA799871D}.Debug|Any CPU.ActiveCfg = Debug|Any CPU
		{B7A65C58-AE84-414F-942F-B17BA799871D}.Debug|Any CPU.Build.0 = Debug|Any CPU
		{B7A65C58-AE84-414F-942F-B17BA799871D}.Release|Any CPU.ActiveCfg = Release|Any CPU
		{B7A65C58-AE84-414F-942F-B17BA799871D}.Release|Any CPU.Build.0 = Release|Any CPU
	EndGlobalSection
	GlobalSection(SolutionProperties) = preSolution
		HideSolutionNode = FALSE
	EndGlobalSection
	GlobalSection(ExtensibilityGlobals) = postSolution
		SolutionGuid = {A8BCD898-0E65-4995-86C3-29795968930F}
	EndGlobalSection
EndGlobal
